// !$*UTF8*$!
{
	archiveVersion = 1;
	classes = {
	};
	objectVersion = 46;
	objects = {

/* Begin PBXBuildFile section */
		8680BD991F5438DE00DB23B9 /* main.m in Sources */ = {isa = PBXBuildFile; fileRef = 8680BD981F5438DE00DB23B9 /* main.m */; };
		8680BD9C1F5438DE00DB23B9 /* AppDelegate.m in Sources */ = {isa = PBXBuildFile; fileRef = 8680BD9B1F5438DE00DB23B9 /* AppDelegate.m */; };
		8680BD9F1F5438DE00DB23B9 /* MasterViewController.m in Sources */ = {isa = PBXBuildFile; fileRef = 8680BD9E1F5438DE00DB23B9 /* MasterViewController.m */; };
		8680BDA21F5438DE00DB23B9 /* DetailViewController.m in Sources */ = {isa = PBXBuildFile; fileRef = 8680BDA11F5438DE00DB23B9 /* DetailViewController.m */; };
		8680BDA51F5438DE00DB23B9 /* Main.storyboard in Resources */ = {isa = PBXBuildFile; fileRef = 8680BDA31F5438DE00DB23B9 /* Main.storyboard */; };
		8680BDA71F5438DE00DB23B9 /* Assets.xcassets in Resources */ = {isa = PBXBuildFile; fileRef = 8680BDA61F5438DE00DB23B9 /* Assets.xcassets */; };
		8680BDAA1F5438DE00DB23B9 /* LaunchScreen.storyboard in Resources */ = {isa = PBXBuildFile; fileRef = 8680BDA81F5438DE00DB23B9 /* LaunchScreen.storyboard */; };
		8680BDB31F543C3F00DB23B9 /* UIResponderView.m in Sources */ = {isa = PBXBuildFile; fileRef = 8680BDB21F543C3F00DB23B9 /* UIResponderView.m */; };
/* End PBXBuildFile section */

/* Begin PBXFileReference section */
		8680BD941F5438DE00DB23B9 /* Ryukyu.app */ = {isa = PBXFileReference; explicitFileType = wrapper.application; includeInIndex = 0; path = Ryukyu.app; sourceTree = BUILT_PRODUCTS_DIR; };
		8680BD981F5438DE00DB23B9 /* main.m */ = {isa = PBXFileReference; lastKnownFileType = sourcecode.c.objc; path = main.m; sourceTree = "<group>"; };
		8680BD9A1F5438DE00DB23B9 /* AppDelegate.h */ = {isa = PBXFileReference; lastKnownFileType = sourcecode.c.h; path = AppDelegate.h; sourceTree = "<group>"; };
		8680BD9B1F5438DE00DB23B9 /* AppDelegate.m */ = {isa = PBXFileReference; lastKnownFileType = sourcecode.c.objc; path = AppDelegate.m; sourceTree = "<group>"; };
		8680BD9D1F5438DE00DB23B9 /* MasterViewController.h */ = {isa = PBXFileReference; lastKnownFileType = sourcecode.c.h; path = MasterViewController.h; sourceTree = "<group>"; };
		8680BD9E1F5438DE00DB23B9 /* MasterViewController.m */ = {isa = PBXFileReference; lastKnownFileType = sourcecode.c.objc; path = MasterViewController.m; sourceTree = "<group>"; };
		8680BDA01F5438DE00DB23B9 /* DetailViewController.h */ = {isa = PBXFileReference; lastKnownFileType = sourcecode.c.h; path = DetailViewController.h; sourceTree = "<group>"; };
		8680BDA11F5438DE00DB23B9 /* DetailViewController.m */ = {isa = PBXFileReference; lastKnownFileType = sourcecode.c.objc; path = DetailViewController.m; sourceTree = "<group>"; };
		8680BDA41F5438DE00DB23B9 /* Base */ = {isa = PBXFileReference; lastKnownFileType = file.storyboard; name = Base; path = Base.lproj/Main.storyboard; sourceTree = "<group>"; };
		8680BDA61F5438DE00DB23B9 /* Assets.xcassets */ = {isa = PBXFileReference; lastKnownFileType = folder.assetcatalog; path = Assets.xcassets; sourceTree = "<group>"; };
		8680BDA91F5438DE00DB23B9 /* Base */ = {isa = PBXFileReference; lastKnownFileType = file.storyboard; name = Base; path = Base.lproj/LaunchScreen.storyboard; sourceTree = "<group>"; };
		8680BDAB1F5438DE00DB23B9 /* Info.plist */ = {isa = PBXFileReference; lastKnownFileType = text.plist.xml; path = Info.plist; sourceTree = "<group>"; };
		8680BDB11F543C3F00DB23B9 /* UIResponderView.h */ = {isa = PBXFileReference; fileEncoding = 4; lastKnownFileType = sourcecode.c.h; path = UIResponderView.h; sourceTree = "<group>"; };
		8680BDB21F543C3F00DB23B9 /* UIResponderView.m */ = {isa = PBXFileReference; fileEncoding = 4; lastKnownFileType = sourcecode.c.objc; path = UIResponderView.m; sourceTree = "<group>"; };
/* End PBXFileReference section */

/* Begin PBXFrameworksBuildPhase section */
		8680BD911F5438DE00DB23B9 /* Frameworks */ = {
			isa = PBXFrameworksBuildPhase;
			buildActionMask = 2147483647;
			files = (
			);
			runOnlyForDeploymentPostprocessing = 0;
		};
/* End PBXFrameworksBuildPhase section */

/* Begin PBXGroup section */
		8680BD8B1F5438DE00DB23B9 = {
			isa = PBXGroup;
			children = (
				8680BD961F5438DE00DB23B9 /* Ryukyu */,
				8680BD951F5438DE00DB23B9 /* Products */,
			);
			sourceTree = "<group>";
		};
		8680BD951F5438DE00DB23B9 /* Products */ = {
			isa = PBXGroup;
			children = (
				8680BD941F5438DE00DB23B9 /* Ryukyu.app */,
			);
			name = Products;
			sourceTree = "<group>";
		};
		8680BD961F5438DE00DB23B9 /* Ryukyu */ = {
			isa = PBXGroup;
			children = (
				8680BD9A1F5438DE00DB23B9 /* AppDelegate.h */,
				8680BD9B1F5438DE00DB23B9 /* AppDelegate.m */,
				8680BD9D1F5438DE00DB23B9 /* MasterViewController.h */,
				8680BD9E1F5438DE00DB23B9 /* MasterViewController.m */,
				8680BDA01F5438DE00DB23B9 /* DetailViewController.h */,
				8680BDA11F5438DE00DB23B9 /* DetailViewController.m */,
				8680BDA31F5438DE00DB23B9 /* Main.storyboard */,
				8680BDA61F5438DE00DB23B9 /* Assets.xcassets */,
				8680BDA81F5438DE00DB23B9 /* LaunchScreen.storyboard */,
				8680BDAB1F5438DE00DB23B9 /* Info.plist */,
				8680BD971F5438DE00DB23B9 /* Supporting Files */,
				8680BDB11F543C3F00DB23B9 /* UIResponderView.h */,
				8680BDB21F543C3F00DB23B9 /* UIResponderView.m */,
			);
			path = Ryukyu;
			sourceTree = "<group>";
		};
		8680BD971F5438DE00DB23B9 /* Supporting Files */ = {
			isa = PBXGroup;
			children = (
				8680BD981F5438DE00DB23B9 /* main.m */,
			);
			name = "Supporting Files";
			sourceTree = "<group>";
		};
/* End PBXGroup section */

/* Begin PBXNativeTarget section */
		8680BD931F5438DE00DB23B9 /* Ryukyu */ = {
			isa = PBXNativeTarget;
			buildConfigurationList = 8680BDAE1F5438DE00DB23B9 /* Build configuration list for PBXNativeTarget "Ryukyu" */;
			buildPhases = (
				8680BD901F5438DE00DB23B9 /* Sources */,
				8680BD911F5438DE00DB23B9 /* Frameworks */,
				8680BD921F5438DE00DB23B9 /* Resources */,
			);
			buildRules = (
			);
			dependencies = (
			);
			name = Ryukyu;
			productName = Ryukyu;
			productReference = 8680BD941F5438DE00DB23B9 /* Ryukyu.app */;
			productType = "com.apple.product-type.application";
		};
/* End PBXNativeTarget section */

/* Begin PBXProject section */
		8680BD8C1F5438DE00DB23B9 /* Project object */ = {
			isa = PBXProject;
			attributes = {
				LastUpgradeCheck = 0830;
				ORGANIZATIONNAME = "张燎原";
				TargetAttributes = {
					8680BD931F5438DE00DB23B9 = {
						CreatedOnToolsVersion = 8.3.3;
						DevelopmentTeam = GV934A7P4P;
						ProvisioningStyle = Automatic;
					};
				};
			};
			buildConfigurationList = 8680BD8F1F5438DE00DB23B9 /* Build configuration list for PBXProject "Ryukyu" */;
			compatibilityVersion = "Xcode 3.2";
			developmentRegion = English;
			hasScannedForEncodings = 0;
			knownRegions = (
				en,
				Base,
			);
			mainGroup = 8680BD8B1F5438DE00DB23B9;
			productRefGroup = 8680BD951F5438DE00DB23B9 /* Products */;
			projectDirPath = "";
			projectRoot = "";
			targets = (
				8680BD931F5438DE00DB23B9 /* Ryukyu */,
			);
		};
/* End PBXProject section */

/* Begin PBXResourcesBuildPhase section */
		8680BD921F5438DE00DB23B9 /* Resources */ = {
			isa = PBXResourcesBuildPhase;
			buildActionMask = 2147483647;
			files = (
				8680BDAA1F5438DE00DB23B9 /* LaunchScreen.storyboard in Resources */,
				8680BDA71F5438DE00DB23B9 /* Assets.xcassets in Resources */,
				8680BDA51F5438DE00DB23B9 /* Main.storyboard in Resources */,
			);
			runOnlyForDeploymentPostprocessing = 0;
		};
/* End PBXResourcesBuildPhase section */

/* Begin PBXSourcesBuildPhase section */
		8680BD901F5438DE00DB23B9 /* Sources */ = {
			isa = PBXSourcesBuildPhase;
			buildActionMask = 2147483647;
			files = (
				8680BD9C1F5438DE00DB23B9 /* AppDelegate.m in Sources */,
				8680BD9F1F5438DE00DB23B9 /* MasterViewController.m in Sources */,
				8680BDB31F543C3F00DB23B9 /* UIResponderView.m in Sources */,
				8680BD991F5438DE00DB23B9 /* main.m in Sources */,
				8680BDA21F5438DE00DB23B9 /* DetailViewController.m in Sources */,
			);
			runOnlyForDeploymentPostprocessing = 0;
		};
/* End PBXSourcesBuildPhase section */

/* Begin PBXVariantGroup section */
		8680BDA31F5438DE00DB23B9 /* Main.storyboard */ = {
			isa = PBXVariantGroup;
			children = (
				8680BDA41F5438DE00DB23B9 /* Base */,
			);
			name = Main.storyboard;
			sourceTree = "<group>";
		};
		8680BDA81F5438DE00DB23B9 /* LaunchScreen.storyboard */ = {
			isa = PBXVariantGroup;
			children = (
				8680BDA91F5438DE00DB23B9 /* Base */,
			);
			name = LaunchScreen.storyboard;
			sourceTree = "<group>";
		};
/* End PBXVariantGroup section */

/* Begin XCBuildConfiguration section */
		8680BDAC1F5438DE00DB23B9 /* Debug */ = {
			isa = XCBuildConfiguration;
			buildSettings = {
				ALWAYS_SEARCH_USER_PATHS = NO;
				CLANG_ANALYZER_NONNULL = YES;
				CLANG_ANALYZER_NUMBER_OBJECT_CONVERSION = YES_AGGRESSIVE;
				CLANG_CXX_LANGUAGE_STANDARD = "gnu++0x";
				CLANG_CXX_LIBRARY = "libc++";
				CLANG_ENABLE_MODULES = YES;
				CLANG_ENABLE_OBJC_ARC = YES;
				CLANG_WARN_BOOL_CONVERSION = YES;
				CLANG_WARN_CONSTANT_CONVERSION = YES;
				CLANG_WARN_DIRECT_OBJC_ISA_USAGE = YES_ERROR;
				CLANG_WARN_DOCUMENTATION_COMMENTS = YES;
				CLANG_WARN_EMPTY_BODY = YES;
				CLANG_WARN_ENUM_CONVERSION = YES;
				CLANG_WARN_INFINITE_RECURSION = YES;
				CLANG_WARN_INT_CONVERSION = YES;
				CLANG_WARN_OBJC_ROOT_CLASS = YES_ERROR;
				CLANG_WARN_SUSPICIOUS_MOVE = YES;
				CLANG_WARN_UNREACHABLE_CODE = YES;
				CLANG_WARN__DUPLICATE_METHOD_MATCH = YES;
				"CODE_SIGN_IDENTITY[sdk=iphoneos*]" = "iPhone Developer";
				COPY_PHASE_STRIP = NO;
				DEBUG_INFORMATION_FORMAT = dwarf;
				ENABLE_STRICT_OBJC_MSGSEND = YES;
				ENABLE_TESTABILITY = YES;
				GCC_C_LANGUAGE_STANDARD = gnu99;
				GCC_DYNAMIC_NO_PIC = NO;
				GCC_NO_COMMON_BLOCKS = YES;
				GCC_OPTIMIZATION_LEVEL = 0;
				GCC_PREPROCESSOR_DEFINITIONS = (
					"DEBUG=1",
					"$(inherited)",
				);
				GCC_WARN_64_TO_32_BIT_CONVERSION = YES;
				GCC_WARN_ABOUT_RETURN_TYPE = YES_ERROR;
				GCC_WARN_UNDECLARED_SELECTOR = YES;
				GCC_WARN_UNINITIALIZED_AUTOS = YES_AGGRESSIVE;
				GCC_WARN_UNUSED_FUNCTION = YES;
				GCC_WARN_UNUSED_VARIABLE = YES;
				IPHONEOS_DEPLOYMENT_TARGET = 10.3;
				MTL_ENABLE_DEBUG_INFO = YES;
				ONLY_ACTIVE_ARCH = YES;
				SDKROOT = iphoneos;
			};
			name = Debug;
		};
		8680BDAD1F5438DE00DB23B9 /* Release */ = {
			isa = XCBuildConfiguration;
			buildSettings = {
				ALWAYS_SEARCH_USER_PATHS = NO;
				CLANG_ANALYZER_NONNULL = YES;
				CLANG_ANALYZER_NUMBER_OBJECT_CONVERSION = YES_AGGRESSIVE;
				CLANG_CXX_LANGUAGE_STANDARD = "gnu++0x";
				CLANG_CXX_LIBRARY = "libc++";
				CLANG_ENABLE_MODULES = YES;
				CLANG_ENABLE_OBJC_ARC = YES;
				CLANG_WARN_BOOL_CONVERSION = YES;
				CLANG_WARN_CONSTANT_CONVERSION = YES;
				CLANG_WARN_DIRECT_OBJC_ISA_USAGE = YES_ERROR;
				CLANG_WARN_DOCUMENTATION_COMMENTS = YES;
				CLANG_WARN_EMPTY_BODY = YES;
				CLANG_WARN_ENUM_CONVERSION = YES;
				CLANG_WARN_INFINITE_RECURSION = YES;
				CLANG_WARN_INT_CONVERSION = YES;
				CLANG_WARN_OBJC_ROOT_CLASS = YES_ERROR;
				CLANG_WARN_SUSPICIOUS_MOVE = YES;
				CLANG_WARN_UNREACHABLE_CODE = YES;
				CLANG_WARN__DUPLICATE_METHOD_MATCH = YES;
				"CODE_SIGN_IDENTITY[sdk=iphoneos*]" = "iPhone Developer";
				COPY_PHASE_STRIP = NO;
				DEBUG_INFORMATION_FORMAT = "dwarf-with-dsym";
				ENABLE_NS_ASSERTIONS = NO;
				ENABLE_STRICT_OBJC_MSGSEND = YES;
				GCC_C_LANGUAGE_STANDARD = gnu99;
				GCC_NO_COMMON_BLOCKS = YES;
				GCC_WARN_64_TO_32_BIT_CONVERSION = YES;
				GCC_WARN_ABOUT_RETURN_TYPE = YES_ERROR;
				GCC_WARN_UNDECLARED_SELECTOR = YES;
				GCC_WARN_UNINITIALIZED_AUTOS = YES_AGGRESSIVE;
				GCC_WARN_UNUSED_FUNCTION = YES;
				GCC_WARN_UNUSED_VARIABLE = YES;
				IPHONEOS_DEPLOYMENT_TARGET = 10.3;
				MTL_ENABLE_DEBUG_INFO = NO;
				SDKROOT = iphoneos;
				VALIDATE_PRODUCT = YES;
			};
			name = Release;
		};
		8680BDAF1F5438DE00DB23B9 /* Debug */ = {
			isa = XCBuildConfiguration;
			buildSettings = {
				ASSETCATALOG_COMPILER_APPICON_NAME = AppIcon;
				DEVELOPMENT_TEAM = GV934A7P4P;
				INFOPLIST_FILE = Ryukyu/Info.plist;
				LD_RUNPATH_SEARCH_PATHS = "$(inherited) @executable_path/Frameworks";
				PRODUCT_BUNDLE_IDENTIFIER = com.netease.neaddemo.Ryukyu;
				PRODUCT_NAME = "$(TARGET_NAME)";
			};
			name = Debug;
		};
		8680BDB01F5438DE00DB23B9 /* Release */ = {
			isa = XCBuildConfiguration;
			buildSettings = {
				ASSETCATALOG_COMPILER_APPICON_NAME = AppIcon;
				DEVELOPMENT_TEAM = GV934A7P4P;
				INFOPLIST_FILE = Ryukyu/Info.plist;
				LD_RUNPATH_SEARCH_PATHS = "$(inherited) @executable_path/Frameworks";
				PRODUCT_BUNDLE_IDENTIFIER = com.netease.neaddemo.Ryukyu;
				PRODUCT_NAME = "$(TARGET_NAME)";
			};
			name = Release;
		};
/* End XCBuildConfiguration section */

/* Begin XCConfigurationList section */
		8680BD8F1F5438DE00DB23B9 /* Build configuration list for PBXProject "Ryukyu" */ = {
			isa = XCConfigurationList;
			buildConfigurations = (
				8680BDAC1F5438DE00DB23B9 /* Debug */,
				8680BDAD1F5438DE00DB23B9 /* Release */,
			);
			defaultConfigurationIsVisible = 0;
			defaultConfigurationName = Release;
		};
		8680BDAE1F5438DE00DB23B9 /* Build configuration list for PBXNativeTarget "Ryukyu" */ = {
			isa = XCConfigurationList;
			buildConfigurations = (
				8680BDAF1F5438DE00DB23B9 /* Debug */,
				8680BDB01F5438DE00DB23B9 /* Release */,
			);
			defaultConfigurationIsVisible = 0;
		};
/* End XCConfigurationList section */
	};
	rootObject = 8680BD8C1F5438DE00DB23B9 /* Project object */;
}
